
Microsoft Visual Studio Solution File, Format Version 12.00
# Visual Studio Version 17
VisualStudioVersion = 17.8.34408.163
MinimumVisualStudioVersion = 10.0.40219.1
Project("{FAE04EC0-301F-11D3-BF4B-00C04F79EFBC}") = "MovieStoreMvc6", "MovieStoreMvc6\MovieStoreMvc6.csproj", "{0E41D7EC-61B1-4A19-B6BB-BB600D04DD51}"
EndProject
Global
	GlobalSection(SolutionConfigurationPlatforms) = preSolution
		Debug|Any CPU = Debug|Any CPU
		Release|Any CPU = Release|Any CPU
	EndGlobalSection
	GlobalSection(ProjectConfigurationPlatforms) = postSolution
		{0E41D7EC-61B1-4A19-B6BB-BB600D04DD51}.Debug|Any CPU.ActiveCfg = Debug|Any CPU
		{0E41D7EC-61B1-4A19-B6BB-BB600D04DD51}.Debug|Any CPU.Build.0 = Debug|Any CPU
		{0E41D7EC-61B1-4A19-B6BB-BB600D04DD51}.Release|Any CPU.ActiveCfg = Release|Any CPU
		{0E41D7EC-61B1-4A19-B6BB-BB600D04DD51}.Release|Any CPU.Build.0 = Release|Any CPU
	EndGlobalSection
	GlobalSection(SolutionProperties) = preSolution
		HideSolutionNode = FALSE
	EndGlobalSection
	GlobalSection(ExtensibilityGlobals) = postSolution
		SolutionGuid = {005EAA8F-25C9-44C8-8A97-F1DA88844D36}
	EndGlobalSection
EndGlobal
